
Microsoft Visual Studio Solution File, Format Version 12.00
# Visual Studio 15
VisualStudioVersion = 15.0.27428.2027
MinimumVisualStudioVersion = 10.0.40219.1
Project("{FAE04EC0-301F-11D3-BF4B-00C04F79EFBC}") = "QuizTest.Android", "QuizTest\QuizTest.Android\QuizTest.Android.csproj", "{D5E6B56B-3BD1-461E-BD6A-F9199B2900B0}"
EndProject
Project("{FAE04EC0-301F-11D3-BF4B-00C04F79EFBC}") = "QuizTest.iOS", "QuizTest\QuizTest.iOS\QuizTest.iOS.csproj", "{C0F66EFA-4523-41A4-93AF-49CCC9F49421}"
EndProject
Project("{FAE04EC0-301F-11D3-BF4B-00C04F79EFBC}") = "QuizTest.UWP", "QuizTest\QuizTest.UWP\QuizTest.UWP.csproj", "{9025D8BE-0C74-4F15-97D2-7FC9977653A7}"
EndProject
Project("{FAE04EC0-301F-11D3-BF4B-00C04F79EFBC}") = "QuizTest", "QuizTest\QuizTest\QuizTest.csproj", "{72A111AA-91B9-41C4-B106-4012459EE870}"
EndProject
Global
	GlobalSection(SolutionConfigurationPlatforms) = preSolution
		Ad-Hoc|Any CPU = Ad-Hoc|Any CPU
		Ad-Hoc|ARM = Ad-Hoc|ARM
		Ad-Hoc|iPhone = Ad-Hoc|iPhone
		Ad-Hoc|iPhoneSimulator = Ad-Hoc|iPhoneSimulator
		Ad-Hoc|x64 = Ad-Hoc|x64
		Ad-Hoc|x86 = Ad-Hoc|x86
		AppStore|Any CPU = AppStore|Any CPU
		AppStore|ARM = AppStore|ARM
		AppStore|iPhone = AppStore|iPhone
		AppStore|iPhoneSimulator = AppStore|iPhoneSimulator
		AppStore|x64 = AppStore|x64
		AppStore|x86 = AppStore|x86
		Debug|Any CPU = Debug|Any CPU
		Debug|ARM = Debug|ARM
		Debug|iPhone = Debug|iPhone
		Debug|iPhoneSimulator = Debug|iPhoneSimulator
		Debug|x64 = Debug|x64
		Debug|x86 = Debug|x86
		Release|Any CPU = Release|Any CPU
		Release|ARM = Release|ARM
		Release|iPhone = Release|iPhone
		Release|iPhoneSimulator = Release|iPhoneSimulator
		Release|x64 = Release|x64
		Release|x86 = Release|x86
	EndGlobalSection
	GlobalSection(ProjectConfigurationPlatforms) = postSolution
		{D5E6B56B-3BD1-461E-BD6A-F9199B2900B0}.Ad-Hoc|Any CPU.ActiveCfg = Release|Any CPU
		{D5E6B56B-3BD1-461E-BD6A-F9199B2900B0}.Ad-Hoc|Any CPU.Build.0 = Release|Any CPU
		{D5E6B56B-3BD1-461E-BD6A-F9199B2900B0}.Ad-Hoc|Any CPU.Deploy.0 = Release|Any CPU
		{D5E6B56B-3BD1-461E-BD6A-F9199B2900B0}.Ad-Hoc|ARM.ActiveCfg = Release|Any CPU
		{D5E6B56B-3BD1-461E-BD6A-F9199B2900B0}.Ad-Hoc|ARM.Build.0 = Release|Any CPU
		{D5E6B56B-3BD1-461E-BD6A-F9199B2900B0}.Ad-Hoc|ARM.Deploy.0 = Release|Any CPU
		{D5E6B56B-3BD1-461E-BD6A-F9199B2900B0}.Ad-Hoc|iPhone.ActiveCfg = Release|Any CPU
		{D5E6B56B-3BD1-461E-BD6A-F9199B2900B0}.Ad-Hoc|iPhone.Build.0 = Release|Any CPU
		{D5E6B56B-3BD1-461E-BD6A-F9199B2900B0}.Ad-Hoc|iPhone.Deploy.0 = Release|Any CPU
		{D5E6B56B-3BD1-461E-BD6A-F9199B2900B0}.Ad-Hoc|iPhoneSimulator.ActiveCfg = Release|Any CPU
		{D5E6B56B-3BD1-461E-BD6A-F9199B2900B0}.Ad-Hoc|iPhoneSimulator.Build.0 = Release|Any CPU
		{D5E6B56B-3BD1-461E-BD6A-F9199B2900B0}.Ad-Hoc|iPhoneSimulator.Deploy.0 = Release|Any CPU
		{D5E6B56B-3BD1-461E-BD6A-F9199B2900B0}.Ad-Hoc|x64.ActiveCfg = Release|Any CPU
		{D5E6B56B-3BD1-461E-BD6A-F9199B2900B0}.Ad-Hoc|x64.Build.0 = Release|Any CPU
		{D5E6B56B-3BD1-461E-BD6A-F9199B2900B0}.Ad-Hoc|x64.Deploy.0 = Release|Any CPU
		{D5E6B56B-3BD1-461E-BD6A-F9199B2900B0}.Ad-Hoc|x86.ActiveCfg = Release|Any CPU
		{D5E6B56B-3BD1-461E-BD6A-F9199B2900B0}.Ad-Hoc|x86.Build.0 = Release|Any CPU
		{D5E6B56B-3BD1-461E-BD6A-F9199B2900B0}.Ad-Hoc|x86.Deploy.0 = Release|Any CPU
		{D5E6B56B-3BD1-461E-BD6A-F9199B2900B0}.AppStore|Any CPU.ActiveCfg = Release|Any CPU
		{D5E6B56B-3BD1-461E-BD6A-F9199B2900B0}.AppStore|Any CPU.Build.0 = Release|Any CPU
		{D5E6B56B-3BD1-461E-BD6A-F9199B2900B0}.AppStore|Any CPU.Deploy.0 = Release|Any CPU
		{D5E6B56B-3BD1-461E-BD6A-F9199B2900B0}.AppStore|ARM.ActiveCfg = Release|Any CPU
		{D5E6B56B-3BD1-461E-BD6A-F9199B2900B0}.AppStore|ARM.Build.0 = Release|Any CPU
		{D5E6B56B-3BD1-461E-BD6A-F9199B2900B0}.AppStore|ARM.Deploy.0 = Release|Any CPU
		{D5E6B56B-3BD1-461E-BD6A-F9199B2900B0}.AppStore|iPhone.ActiveCfg = Release|Any CPU
		{D5E6B56B-3BD1-461E-BD6A-F9199B2900B0}.AppStore|iPhone.Build.0 = Release|Any CPU
		{D5E6B56B-3BD1-461E-BD6A-F9199B2900B0}.AppStore|iPhone.Deploy.0 = Release|Any CPU
		{D5E6B56B-3BD1-461E-BD6A-F9199B2900B0}.AppStore|iPhoneSimulator.ActiveCfg = Release|Any CPU
		{D5E6B56B-3BD1-461E-BD6A-F9199B2900B0}.AppStore|iPhoneSimulator.Build.0 = Release|Any CPU
		{D5E6B56B-3BD1-461E-BD6A-F9199B2900B0}.AppStore|iPhoneSimulator.Deploy.0 = Release|Any CPU
		{D5E6B56B-3BD1-461E-BD6A-F9199B2900B0}.AppStore|x64.ActiveCfg = Release|Any CPU
		{D5E6B56B-3BD1-461E-BD6A-F9199B2900B0}.AppStore|x64.Build.0 = Release|Any CPU
		{D5E6B56B-3BD1-461E-BD6A-F9199B2900B0}.AppStore|x64.Deploy.0 = Release|Any CPU
		{D5E6B56B-3BD1-461E-BD6A-F9199B2900B0}.AppStore|x86.ActiveCfg = Release|Any CPU
		{D5E6B56B-3BD1-461E-BD6A-F9199B2900B0}.AppStore|x86.Build.0 = Release|Any CPU
		{D5E6B56B-3BD1-461E-BD6A-F9199B2900B0}.AppStore|x86.Deploy.0 = Release|Any CPU
		{D5E6B56B-3BD1-461E-BD6A-F9199B2900B0}.Debug|Any CPU.ActiveCfg = Debug|Any CPU
		{D5E6B56B-3BD1-461E-BD6A-F9199B2900B0}.Debug|Any CPU.Build.0 = Debug|Any CPU
		{D5E6B56B-3BD1-461E-BD6A-F9199B2900B0}.Debug|Any CPU.Deploy.0 = Debug|Any CPU
		{D5E6B56B-3BD1-461E-BD6A-F9199B2900B0}.Debug|ARM.ActiveCfg = Debug|Any CPU
		{D5E6B56B-3BD1-461E-BD6A-F9199B2900B0}.Debug|ARM.Build.0 = Debug|Any CPU
		{D5E6B56B-3BD1-461E-BD6A-F9199B2900B0}.Debug|ARM.Deploy.0 = Debug|Any CPU
		{D5E6B56B-3BD1-461E-BD6A-F9199B2900B0}.Debug|iPhone.ActiveCfg = Debug|Any CPU
		{D5E6B56B-3BD1-461E-BD6A-F9199B2900B0}.Debug|iPhone.Build.0 = Debug|Any CPU
		{D5E6B56B-3BD1-461E-BD6A-F9199B2900B0}.Debug|iPhone.Deploy.0 = Debug|Any CPU
		{D5E6B56B-3BD1-461E-BD6A-F9199B2900B0}.Debug|iPhoneSimulator.ActiveCfg = Debug|Any CPU
		{D5E6B56B-3BD1-461E-BD6A-F9199B2900B0}.Debug|iPhoneSimulator.Build.0 = Debug|Any CPU
		{D5E6B56B-3BD1-461E-BD6A-F9199B2900B0}.Debug|iPhoneSimulator.Deploy.0 = Debug|Any CPU
		{D5E6B56B-3BD1-461E-BD6A-F9199B2900B0}.Debug|x64.ActiveCfg = Debug|Any CPU
		{D5E6B56B-3BD1-461E-BD6A-F9199B2900B0}.Debug|x64.Build.0 = Debug|Any CPU
		{D5E6B56B-3BD1-461E-BD6A-F9199B2900B0}.Debug|x64.Deploy.0 = Debug|Any CPU
		{D5E6B56B-3BD1-461E-BD6A-F9199B2900B0}.Debug|x86.ActiveCfg = Debug|Any CPU
		{D5E6B56B-3BD1-461E-BD6A-F9199B2900B0}.Debug|x86.Build.0 = Debug|Any CPU
		{D5E6B56B-3BD1-461E-BD6A-F9199B2900B0}.Debug|x86.Deploy.0 = Debug|Any CPU
		{D5E6B56B-3BD1-461E-BD6A-F9199B2900B0}.Release|Any CPU.ActiveCfg = Release|Any CPU
		{D5E6B56B-3BD1-461E-BD6A-F9199B2900B0}.Release|Any CPU.Build.0 = Release|Any CPU
		{D5E6B56B-3BD1-461E-BD6A-F9199B2900B0}.Release|Any CPU.Deploy.0 = Release|Any CPU
		{D5E6B56B-3BD1-461E-BD6A-F9199B2900B0}.Release|ARM.ActiveCfg = Release|Any CPU
		{D5E6B56B-3BD1-461E-BD6A-F9199B2900B0}.Release|ARM.Build.0 = Release|Any CPU
		{D5E6B56B-3BD1-461E-BD6A-F9199B2900B0}.Release|ARM.Deploy.0 = Release|Any CPU
		{D5E6B56B-3BD1-461E-BD6A-F9199B2900B0}.Release|iPhone.ActiveCfg = Release|Any CPU
		{D5E6B56B-3BD1-461E-BD6A-F9199B2900B0}.Release|iPhone.Build.0 = Release|Any CPU
		{D5E6B56B-3BD1-461E-BD6A-F9199B2900B0}.Release|iPhone.Deploy.0 = Release|Any CPU
		{D5E6B56B-3BD1-461E-BD6A-F9199B2900B0}.Release|iPhoneSimulator.ActiveCfg = Release|Any CPU
		{D5E6B56B-3BD1-461E-BD6A-F9199B2900B0}.Release|iPhoneSimulator.Build.0 = Release|Any CPU
		{D5E6B56B-3BD1-461E-BD6A-F9199B2900B0}.Release|iPhoneSimulator.Deploy.0 = Release|Any CPU
		{D5E6B56B-3BD1-461E-BD6A-F9199B2900B0}.Release|x64.ActiveCfg = Release|Any CPU
		{D5E6B56B-3BD1-461E-BD6A-F9199B2900B0}.Release|x64.Build.0 = Release|Any CPU
		{D5E6B56B-3BD1-461E-BD6A-F9199B2900B0}.Release|x64.Deploy.0 = Release|Any CPU
		{D5E6B56B-3BD1-461E-BD6A-F9199B2900B0}.Release|x86.ActiveCfg = Release|Any CPU
		{D5E6B56B-3BD1-461E-BD6A-F9199B2900B0}.Release|x86.Build.0 = Release|Any CPU
		{D5E6B56B-3BD1-461E-BD6A-F9199B2900B0}.Release|x86.Deploy.0 = Release|Any CPU
		{C0F66EFA-4523-41A4-93AF-49CCC9F49421}.Ad-Hoc|Any CPU.ActiveCfg = Ad-Hoc|iPhone
		{C0F66EFA-4523-41A4-93AF-49CCC9F49421}.Ad-Hoc|ARM.ActiveCfg = Ad-Hoc|iPhone
		{C0F66EFA-4523-41A4-93AF-49CCC9F49421}.Ad-Hoc|iPhone.ActiveCfg = Ad-Hoc|iPhone
		{C0F66EFA-4523-41A4-93AF-49CCC9F49421}.Ad-Hoc|iPhone.Build.0 = Ad-Hoc|iPhone
		{C0F66EFA-4523-41A4-93AF-49CCC9F49421}.Ad-Hoc|iPhoneSimulator.ActiveCfg = Ad-Hoc|iPhoneSimulator
		{C0F66EFA-4523-41A4-93AF-49CCC9F49421}.Ad-Hoc|iPhoneSimulator.Build.0 = Ad-Hoc|iPhoneSimulator
		{C0F66EFA-4523-41A4-93AF-49CCC9F49421}.Ad-Hoc|x64.ActiveCfg = Ad-Hoc|iPhone
		{C0F66EFA-4523-41A4-93AF-49CCC9F49421}.Ad-Hoc|x86.ActiveCfg = Ad-Hoc|iPhone
		{C0F66EFA-4523-41A4-93AF-49CCC9F49421}.AppStore|Any CPU.ActiveCfg = AppStore|iPhone
		{C0F66EFA-4523-41A4-93AF-49CCC9F49421}.AppStore|ARM.ActiveCfg = AppStore|iPhone
		{C0F66EFA-4523-41A4-93AF-49CCC9F49421}.AppStore|iPhone.ActiveCfg = AppStore|iPhone
		{C0F66EFA-4523-41A4-93AF-49CCC9F49421}.AppStore|iPhone.Build.0 = AppStore|iPhone
		{C0F66EFA-4523-41A4-93AF-49CCC9F49421}.AppStore|iPhoneSimulator.ActiveCfg = AppStore|iPhoneSimulator
		{C0F66EFA-4523-41A4-93AF-49CCC9F49421}.AppStore|iPhoneSimulator.Build.0 = AppStore|iPhoneSimulator
		{C0F66EFA-4523-41A4-93AF-49CCC9F49421}.AppStore|x64.ActiveCfg = AppStore|iPhone
		{C0F66EFA-4523-41A4-93AF-49CCC9F49421}.AppStore|x86.ActiveCfg = AppStore|iPhone
		{C0F66EFA-4523-41A4-93AF-49CCC9F49421}.Debug|Any CPU.ActiveCfg = Debug|iPhone
		{C0F66EFA-4523-41A4-93AF-49CCC9F49421}.Debug|ARM.ActiveCfg = Debug|iPhone
		{C0F66EFA-4523-41A4-93AF-49CCC9F49421}.Debug|iPhone.ActiveCfg = Debug|iPhone
		{C0F66EFA-4523-41A4-93AF-49CCC9F49421}.Debug|iPhone.Build.0 = Debug|iPhone
		{C0F66EFA-4523-41A4-93AF-49CCC9F49421}.Debug|iPhoneSimulator.ActiveCfg = Debug|iPhoneSimulator
		{C0F66EFA-4523-41A4-93AF-49CCC9F49421}.Debug|iPhoneSimulator.Build.0 = Debug|iPhoneSimulator
		{C0F66EFA-4523-41A4-93AF-49CCC9F49421}.Debug|x64.ActiveCfg = Debug|iPhone
		{C0F66EFA-4523-41A4-93AF-49CCC9F49421}.Debug|x86.ActiveCfg = Debug|iPhone
		{C0F66EFA-4523-41A4-93AF-49CCC9F49421}.Release|Any CPU.ActiveCfg = Release|iPhone
		{C0F66EFA-4523-41A4-93AF-49CCC9F49421}.Release|ARM.ActiveCfg = Release|iPhone
		{C0F66EFA-4523-41A4-93AF-49CCC9F49421}.Release|iPhone.ActiveCfg = Release|iPhone
		{C0F66EFA-4523-41A4-93AF-49CCC9F49421}.Release|iPhone.Build.0 = Release|iPhone
		{C0F66EFA-4523-41A4-93AF-49CCC9F49421}.Release|iPhoneSimulator.ActiveCfg = Release|iPhoneSimulator
		{C0F66EFA-4523-41A4-93AF-49CCC9F49421}.Release|iPhoneSimulator.Build.0 = Release|iPhoneSimulator
		{C0F66EFA-4523-41A4-93AF-49CCC9F49421}.Release|x64.ActiveCfg = Release|iPhone
		{C0F66EFA-4523-41A4-93AF-49CCC9F49421}.Release|x86.ActiveCfg = Release|iPhone
		{9025D8BE-0C74-4F15-97D2-7FC9977653A7}.Ad-Hoc|Any CPU.ActiveCfg = Release|x86
		{9025D8BE-0C74-4F15-97D2-7FC9977653A7}.Ad-Hoc|Any CPU.Build.0 = Release|x86
		{9025D8BE-0C74-4F15-97D2-7FC9977653A7}.Ad-Hoc|Any CPU.Deploy.0 = Release|x86
		{9025D8BE-0C74-4F15-97D2-7FC9977653A7}.Ad-Hoc|ARM.ActiveCfg = Release|ARM
		{9025D8BE-0C74-4F15-97D2-7FC9977653A7}.Ad-Hoc|ARM.Build.0 = Release|ARM
		{9025D8BE-0C74-4F15-97D2-7FC9977653A7}.Ad-Hoc|ARM.Deploy.0 = Release|ARM
		{9025D8BE-0C74-4F15-97D2-7FC9977653A7}.Ad-Hoc|iPhone.ActiveCfg = Release|x86
		{9025D8BE-0C74-4F15-97D2-7FC9977653A7}.Ad-Hoc|iPhone.Build.0 = Release|x86
		{9025D8BE-0C74-4F15-97D2-7FC9977653A7}.Ad-Hoc|iPhone.Deploy.0 = Release|x86
		{9025D8BE-0C74-4F15-97D2-7FC9977653A7}.Ad-Hoc|iPhoneSimulator.ActiveCfg = Release|x86
		{9025D8BE-0C74-4F15-97D2-7FC9977653A7}.Ad-Hoc|iPhoneSimulator.Build.0 = Release|x86
		{9025D8BE-0C74-4F15-97D2-7FC9977653A7}.Ad-Hoc|iPhoneSimulator.Deploy.0 = Release|x86
		{9025D8BE-0C74-4F15-97D2-7FC9977653A7}.Ad-Hoc|x64.ActiveCfg = Release|x64
		{9025D8BE-0C74-4F15-97D2-7FC9977653A7}.Ad-Hoc|x64.Build.0 = Release|x64
		{9025D8BE-0C74-4F15-97D2-7FC9977653A7}.Ad-Hoc|x64.Deploy.0 = Release|x64
		{9025D8BE-0C74-4F15-97D2-7FC9977653A7}.Ad-Hoc|x86.ActiveCfg = Release|x86
		{9025D8BE-0C74-4F15-97D2-7FC9977653A7}.Ad-Hoc|x86.Build.0 = Release|x86
		{9025D8BE-0C74-4F15-97D2-7FC9977653A7}.Ad-Hoc|x86.Deploy.0 = Release|x86
		{9025D8BE-0C74-4F15-97D2-7FC9977653A7}.AppStore|Any CPU.ActiveCfg = Release|x86
		{9025D8BE-0C74-4F15-97D2-7FC9977653A7}.AppStore|Any CPU.Build.0 = Release|x86
		{9025D8BE-0C74-4F15-97D2-7FC9977653A7}.AppStore|Any CPU.Deploy.0 = Release|x86
		{9025D8BE-0C74-4F15-97D2-7FC9977653A7}.AppStore|ARM.ActiveCfg = Release|ARM
		{9025D8BE-0C74-4F15-97D2-7FC9977653A7}.AppStore|ARM.Build.0 = Release|ARM
		{9025D8BE-0C74-4F15-97D2-7FC9977653A7}.AppStore|ARM.Deploy.0 = Release|ARM
		{9025D8BE-0C74-4F15-97D2-7FC9977653A7}.AppStore|iPhone.ActiveCfg = Release|x86
		{9025D8BE-0C74-4F15-97D2-7FC9977653A7}.AppStore|iPhone.Build.0 = Release|x86
		{9025D8BE-0C74-4F15-97D2-7FC9977653A7}.AppStore|iPhone.Deploy.0 = Release|x86
		{9025D8BE-0C74-4F15-97D2-7FC9977653A7}.AppStore|iPhoneSimulator.ActiveCfg = Release|x86
		{9025D8BE-0C74-4F15-97D2-7FC9977653A7}.AppStore|iPhoneSimulator.Build.0 = Release|x86
		{9025D8BE-0C74-4F15-97D2-7FC9977653A7}.AppStore|iPhoneSimulator.Deploy.0 = Release|x86
		{9025D8BE-0C74-4F15-97D2-7FC9977653A7}.AppStore|x64.ActiveCfg = Release|x64
		{9025D8BE-0C74-4F15-97D2-7FC9977653A7}.AppStore|x64.Build.0 = Release|x64
		{9025D8BE-0C74-4F15-97D2-7FC9977653A7}.AppStore|x64.Deploy.0 = Release|x64
		{9025D8BE-0C74-4F15-97D2-7FC9977653A7}.AppStore|x86.ActiveCfg = Release|x86
		{9025D8BE-0C74-4F15-97D2-7FC9977653A7}.AppStore|x86.Build.0 = Release|x86
		{9025D8BE-0C74-4F15-97D2-7FC9977653A7}.AppStore|x86.Deploy.0 = Release|x86
		{9025D8BE-0C74-4F15-97D2-7FC9977653A7}.Debug|Any CPU.ActiveCfg = Debug|x86
		{9025D8BE-0C74-4F15-97D2-7FC9977653A7}.Debug|ARM.ActiveCfg = Debug|ARM
		{9025D8BE-0C74-4F15-97D2-7FC9977653A7}.Debug|ARM.Build.0 = Debug|ARM
		{9025D8BE-0C74-4F15-97D2-7FC9977653A7}.Debug|ARM.Deploy.0 = Debug|ARM
		{9025D8BE-0C74-4F15-97D2-7FC9977653A7}.Debug|iPhone.ActiveCfg = Debug|x86
		{9025D8BE-0C74-4F15-97D2-7FC9977653A7}.Debug|iPhoneSimulator.ActiveCfg = Debug|x86
		{9025D8BE-0C74-4F15-97D2-7FC9977653A7}.Debug|x64.ActiveCfg = Debug|x64
		{9025D8BE-0C74-4F15-97D2-7FC9977653A7}.Debug|x64.Build.0 = Debug|x64
		{9025D8BE-0C74-4F15-97D2-7FC9977653A7}.Debug|x64.Deploy.0 = Debug|x64
		{9025D8BE-0C74-4F15-97D2-7FC9977653A7}.Debug|x86.ActiveCfg = Debug|x86
		{9025D8BE-0C74-4F15-97D2-7FC9977653A7}.Debug|x86.Build.0 = Debug|x86
		{9025D8BE-0C74-4F15-97D2-7FC9977653A7}.Debug|x86.Deploy.0 = Debug|x86
		{9025D8BE-0C74-4F15-97D2-7FC9977653A7}.Release|Any CPU.ActiveCfg = Release|x86
		{9025D8BE-0C74-4F15-97D2-7FC9977653A7}.Release|ARM.ActiveCfg = Release|ARM
		{9025D8BE-0C74-4F15-97D2-7FC9977653A7}.Release|ARM.Build.0 = Release|ARM
		{9025D8BE-0C74-4F15-97D2-7FC9977653A7}.Release|ARM.Deploy.0 = Release|ARM
		{9025D8BE-0C74-4F15-97D2-7FC9977653A7}.Release|iPhone.ActiveCfg = Release|x86
		{9025D8BE-0C74-4F15-97D2-7FC9977653A7}.Release|iPhoneSimulator.ActiveCfg = Release|x86
		{9025D8BE-0C74-4F15-97D2-7FC9977653A7}.Release|x64.ActiveCfg = Release|x64
		{9025D8BE-0C74-4F15-97D2-7FC9977653A7}.Release|x64.Build.0 = Release|x64
		{9025D8BE-0C74-4F15-97D2-7FC9977653A7}.Release|x64.Deploy.0 = Release|x64
		{9025D8BE-0C74-4F15-97D2-7FC9977653A7}.Release|x86.ActiveCfg = Release|x86
		{9025D8BE-0C74-4F15-97D2-7FC9977653A7}.Release|x86.Build.0 = Release|x86
		{9025D8BE-0C74-4F15-97D2-7FC9977653A7}.Release|x86.Deploy.0 = Release|x86
		{72A111AA-91B9-41C4-B106-4012459EE870}.Ad-Hoc|Any CPU.ActiveCfg = Debug|Any CPU
		{72A111AA-91B9-41C4-B106-4012459EE870}.Ad-Hoc|Any CPU.Build.0 = Debug|Any CPU
		{72A111AA-91B9-41C4-B106-4012459EE870}.Ad-Hoc|ARM.ActiveCfg = Debug|Any CPU
		{72A111AA-91B9-41C4-B106-4012459EE870}.Ad-Hoc|ARM.Build.0 = Debug|Any CPU
		{72A111AA-91B9-41C4-B106-4012459EE870}.Ad-Hoc|iPhone.ActiveCfg = Debug|Any CPU
		{72A111AA-91B9-41C4-B106-4012459EE870}.Ad-Hoc|iPhone.Build.0 = Debug|Any CPU
		{72A111AA-91B9-41C4-B106-4012459EE870}.Ad-Hoc|iPhoneSimulator.ActiveCfg = Debug|Any CPU
		{72A111AA-91B9-41C4-B106-4012459EE870}.Ad-Hoc|iPhoneSimulator.Build.0 = Debug|Any CPU
		{72A111AA-91B9-41C4-B106-4012459EE870}.Ad-Hoc|x64.ActiveCfg = Debug|Any CPU
		{72A111AA-91B9-41C4-B106-4012459EE870}.Ad-Hoc|x64.Build.0 = Debug|Any CPU
		{72A111AA-91B9-41C4-B106-4012459EE870}.Ad-Hoc|x86.ActiveCfg = Debug|Any CPU
		{72A111AA-91B9-41C4-B106-4012459EE870}.Ad-Hoc|x86.Build.0 = Debug|Any CPU
		{72A111AA-91B9-41C4-B106-4012459EE870}.AppStore|Any CPU.ActiveCfg = Debug|Any CPU
		{72A111AA-91B9-41C4-B106-4012459EE870}.AppStore|Any CPU.Build.0 = Debug|Any CPU
		{72A111AA-91B9-41C4-B106-4012459EE870}.AppStore|ARM.ActiveCfg = Debug|Any CPU
		{72A111AA-91B9-41C4-B106-4012459EE870}.AppStore|ARM.Build.0 = Debug|Any CPU
		{72A111AA-91B9-41C4-B106-4012459EE870}.AppStore|iPhone.ActiveCfg = Debug|Any CPU
		{72A111AA-91B9-41C4-B106-4012459EE870}.AppStore|iPhone.Build.0 = Debug|Any CPU
		{72A111AA-91B9-41C4-B106-4012459EE870}.AppStore|iPhoneSimulator.ActiveCfg = Debug|Any CPU
		{72A111AA-91B9-41C4-B106-4012459EE870}.AppStore|iPhoneSimulator.Build.0 = Debug|Any CPU
		{72A111AA-91B9-41C4-B106-4012459EE870}.AppStore|x64.ActiveCfg = Debug|Any CPU
		{72A111AA-91B9-41C4-B106-4012459EE870}.AppStore|x64.Build.0 = Debug|Any CPU
		{72A111AA-91B9-41C4-B106-4012459EE870}.AppStore|x86.ActiveCfg = Debug|Any CPU
		{72A111AA-91B9-41C4-B106-4012459EE870}.AppStore|x86.Build.0 = Debug|Any CPU
		{72A111AA-91B9-41C4-B106-4012459EE870}.Debug|Any CPU.ActiveCfg = Debug|Any CPU
		{72A111AA-91B9-41C4-B106-4012459EE870}.Debug|Any CPU.Build.0 = Debug|Any CPU
		{72A111AA-91B9-41C4-B106-4012459EE870}.Debug|ARM.ActiveCfg = Debug|Any CPU
		{72A111AA-91B9-41C4-B106-4012459EE870}.Debug|ARM.Build.0 = Debug|Any CPU
		{72A111AA-91B9-41C4-B106-4012459EE870}.Debug|iPhone.ActiveCfg = Debug|Any CPU
		{72A111AA-91B9-41C4-B106-4012459EE870}.Debug|iPhone.Build.0 = Debug|Any CPU
		{72A111AA-91B9-41C4-B106-4012459EE870}.Debug|iPhoneSimulator.ActiveCfg = Debug|Any CPU
		{72A111AA-91B9-41C4-B106-4012459EE870}.Debug|iPhoneSimulator.Build.0 = Debug|Any CPU
		{72A111AA-91B9-41C4-B106-4012459EE870}.Debug|x64.ActiveCfg = Debug|Any CPU
		{72A111AA-91B9-41C4-B106-4012459EE870}.Debug|x64.Build.0 = Debug|Any CPU
		{72A111AA-91B9-41C4-B106-4012459EE870}.Debug|x86.ActiveCfg = Debug|Any CPU
		{72A111AA-91B9-41C4-B106-4012459EE870}.Debug|x86.Build.0 = Debug|Any CPU
		{72A111AA-91B9-41C4-B106-4012459EE870}.Release|Any CPU.ActiveCfg = Release|Any CPU
		{72A111AA-91B9-41C4-B106-4012459EE870}.Release|Any CPU.Build.0 = Release|Any CPU
		{72A111AA-91B9-41C4-B106-4012459EE870}.Release|ARM.ActiveCfg = Release|Any CPU
		{72A111AA-91B9-41C4-B106-4012459EE870}.Release|ARM.Build.0 = Release|Any CPU
		{72A111AA-91B9-41C4-B106-4012459EE870}.Release|iPhone.ActiveCfg = Release|Any CPU
		{72A111AA-91B9-41C4-B106-4012459EE870}.Release|iPhone.Build.0 = Release|Any CPU
		{72A111AA-91B9-41C4-B106-4012459EE870}.Release|iPhoneSimulator.ActiveCfg = Release|Any CPU
		{72A111AA-91B9-41C4-B106-4012459EE870}.Release|iPhoneSimulator.Build.0 = Release|Any CPU
		{72A111AA-91B9-41C4-B106-4012459EE870}.Release|x64.ActiveCfg = Release|Any CPU
		{72A111AA-91B9-41C4-B106-4012459EE870}.Release|x64.Build.0 = Release|Any CPU
		{72A111AA-91B9-41C4-B106-4012459EE870}.Release|x86.ActiveCfg = Release|Any CPU
		{72A111AA-91B9-41C4-B106-4012459EE870}.Release|x86.Build.0 = Release|Any CPU
	EndGlobalSection
	GlobalSection(SolutionProperties) = preSolution
		HideSolutionNode = FALSE
	EndGlobalSection
	GlobalSection(ExtensibilityGlobals) = postSolution
		SolutionGuid = {CBB993F5-8205-4C60-B99E-A19D273FD2D5}
	EndGlobalSection
EndGlobal
